{
  "name": "react-native-dropdown-autocomplete",
  "version": "1.0.16",
  "lockfileVersion": 1,
  "requires": true,
  "dependencies": {
    "decode-uri-component": {
      "version": "0.2.0",
      "resolved": "https://registry.npmjs.org/decode-uri-component/-/decode-uri-component-0.2.0.tgz",
      "integrity": "sha1-6zkTMzRYd1y4TNGh+uBiEGu4dUU="
    },
    "js-tokens": {
      "version": "4.0.0",
      "resolved": "https://registry.npmjs.org/js-tokens/-/js-tokens-4.0.0.tgz",
      "integrity": "sha512-RdJUflcE3cUzKiMqQgsCu06FPu9UdIJO0beYbPhHN4k6apgJtifcoCtT9bcxOpYBtpD2kCM6Sbzg4CausW/PKQ=="
    },
    "loose-envify": {
      "version": "1.4.0",
      "resolved": "https://registry.npmjs.org/loose-envify/-/loose-envify-1.4.0.tgz",
      "integrity": "sha512-lyuxPGr/Wfhrlem2CL/UcnUc1zcqKAImBDzukY7Y5F/yQiNdko6+fRLevlw1HgMySw7f611UIY408EtxRSoK3Q==",
      "requires": {
        "js-tokens": "^3.0.0 || ^4.0.0"
      }
    },
    "object-assign": {
      "version": "4.1.1",
      "resolved": "https://registry.npmjs.org/object-assign/-/object-assign-4.1.1.tgz",
      "integrity": "sha1-IQmtx5ZYh8/AXLvUQsrIv7s2CGM="
    },
    "prop-types": {
      "version": "15.7.2",
      "resolved": "https://registry.npmjs.org/prop-types/-/prop-types-15.7.2.tgz",
      "integrity": "sha512-8QQikdH7//R2vurIJSutZ1smHYTcLpRWEOlHnzcWHmBYrOGUysKwSsrC89BCiFj3CbrfJ/nXFdJepOVrY1GCHQ==",
      "requires": {
        "loose-envify": "^1.4.0",
        "object-assign": "^4.1.1",
        "react-is": "^16.8.1"
      }
    },
    "query-string": {
      "version": "6.13.6",
      "resolved": "https://registry.npmjs.org/query-string/-/query-string-6.13.6.tgz",
      "integrity": "sha512-/WWZ7d9na6s2wMEGdVCVgKWE9Rt7nYyNIf7k8xmHXcesPMlEzicWo3lbYwHyA4wBktI2KrXxxZeACLbE84hvSQ==",
      "requires": {
        "decode-uri-component": "^0.2.0",
        "split-on-first": "^1.0.0",
        "strict-uri-encode": "^2.0.0"
      }
    },
    "react-is": {
      "version": "16.13.1",
      "resolved": "https://registry.npmjs.org/react-is/-/react-is-16.13.1.tgz",
      "integrity": "sha512-24e6ynE2H+OKt4kqsOvNd8kBpV65zoxbA4BVsEOB3ARVWQki/DHzaUoC5KuON/BiccDaCCTZBuOcfZs70kR8bQ=="
    },
    "react-native-iphone-x-helper": {
      "version": "1.3.0",
      "resolved": "https://registry.npmjs.org/react-native-iphone-x-helper/-/react-native-iphone-x-helper-1.3.0.tgz",
      "integrity": "sha512-+/bcZWFeZt0xSS/+3CHM5K7qPL4vDO/3ARLIowzFpUPGZiPsv9+NET+XNqqseRYwFJwYMmtX+Q4TZKxAVy09ew=="
    },
    "react-native-keyboard-aware-scroll-view": {
      "version": "0.8.0",
      "resolved": "https://registry.npmjs.org/react-native-keyboard-aware-scroll-view/-/react-native-keyboard-aware-scroll-view-0.8.0.tgz",
      "integrity": "sha512-gPfhgHQI/z7Cc5aeNOEmK0b250QkAeU6V+4oH8EC7mmFneEKn6MAIDjpoiwqt6bV+lFJPABXfx9MtrRmtCeJ/Q==",
      "requires": {
        "prop-types": "^15.6.2",
        "react-native-iphone-x-helper": "^1.0.3"
      }
    },
    "react-native-material-buttons": {
      "version": "0.6.0",
      "resolved": "https://registry.npmjs.org/react-native-material-buttons/-/react-native-material-buttons-0.6.0.tgz",
      "integrity": "sha512-k/7hqGQJABWvU2wr61aOBuuLp7rrn26a65IUlJU1PPbfVwEJ10v0atxKsY4E0z6VO3m1DAWaAooN82BWmBITGQ==",
      "requires": {
        "prop-types": "^15.5.9",
        "react-native-material-ripple": "^0.9.1"
      },
      "dependencies": {
        "react-native-material-ripple": {
          "version": "0.9.1",
          "resolved": "https://registry.npmjs.org/react-native-material-ripple/-/react-native-material-ripple-0.9.1.tgz",
          "integrity": "sha512-dHjARdKoGD3LXwPh2TkURabywM5BfdpKc/AHplJTfBMalhVZ2bc7iJoJmNhNnmT/TZ+B3szL6uV1mO7Pv8zNeA==",
          "requires": {
            "prop-types": "^15.5.10"
          }
        }
      }
    },
    "react-native-material-ripple": {
      "version": "0.8.0",
      "resolved": "https://registry.npmjs.org/react-native-material-ripple/-/react-native-material-ripple-0.8.0.tgz",
      "integrity": "sha1-uMJOb96iryoh6EaLH0CzVIMBni8=",
      "requires": {
        "prop-types": "^15.5.10"
      }
    },
    "split-on-first": {
      "version": "1.1.0",
      "resolved": "https://registry.npmjs.org/split-on-first/-/split-on-first-1.1.0.tgz",
      "integrity": "sha512-43ZssAJaMusuKWL8sKUBQXHWOpq8d6CfN/u1p4gUzfJkM05C8rxTmYrkIPTXapZpORA6LkkzcUulJ8FqA7Uudw=="
    },
    "strict-uri-encode": {
      "version": "2.0.0",
      "resolved": "https://registry.npmjs.org/strict-uri-encode/-/strict-uri-encode-2.0.0.tgz",
      "integrity": "sha1-ucczDHBChi9rFC3CdLvMWGbONUY="
    }
  }
}
